// !$*UTF8*$!
{
	archiveVersion = 1;
	classes = {
	};
	objectVersion = 56;
	objects = {

/* Begin PBXBuildFile section */
		4CCA038B2993AB7700A2E490 /* Github_software_demoApp.swift in Sources */ = {isa = PBXBuildFile; fileRef = 4CCA038A2993AB7700A2E490 /* Github_software_demoApp.swift */; };
		4CCA038D2993AB7700A2E490 /* ContentView.swift in Sources */ = {isa = PBXBuildFile; fileRef = 4CCA038C2993AB7700A2E490 /* ContentView.swift */; };
		4CCA038F2993AB7900A2E490 /* Assets.xcassets in Resources */ = {isa = PBXBuildFile; fileRef = 4CCA038E2993AB7900A2E490 /* Assets.xcassets */; };
		4CCA03932993AB7900A2E490 /* Preview Assets.xcassets in Resources */ = {isa = PBXBuildFile; fileRef = 4CCA03922993AB7900A2E490 /* Preview Assets.xcassets */; };
		4CCA039D2993AB7900A2E490 /* Github_software_demoTests.swift in Sources */ = {isa = PBXBuildFile; fileRef = 4CCA039C2993AB7900A2E490 /* Github_software_demoTests.swift */; };
		4CCA03A72993AB7900A2E490 /* Github_software_demoUITests.swift in Sources */ = {isa = PBXBuildFile; fileRef = 4CCA03A62993AB7900A2E490 /* Github_software_demoUITests.swift */; };
		4CCA03A92993AB7900A2E490 /* Github_software_demoUITestsLaunchTests.swift in Sources */ = {isa = PBXBuildFile; fileRef = 4CCA03A82993AB7900A2E490 /* Github_software_demoUITestsLaunchTests.swift */; };
/* End PBXBuildFile section */

/* Begin PBXContainerItemProxy section */
		4CCA03992993AB7900A2E490 /* PBXContainerItemProxy */ = {
			isa = PBXContainerItemProxy;
			containerPortal = 4CCA037F2993AB7700A2E490 /* Project object */;
			proxyType = 1;
			remoteGlobalIDString = 4CCA03862993AB7700A2E490;
			remoteInfo = "Github software demo";
		};
		4CCA03A32993AB7900A2E490 /* PBXContainerItemProxy */ = {
			isa = PBXContainerItemProxy;
			containerPortal = 4CCA037F2993AB7700A2E490 /* Project object */;
			proxyType = 1;
			remoteGlobalIDString = 4CCA03862993AB7700A2E490;
			remoteInfo = "Github software demo";
		};
/* End PBXContainerItemProxy section */

/* Begin PBXFileReference section */
		4CCA03872993AB7700A2E490 /* Github software demo.app */ = {isa = PBXFileReference; explicitFileType = wrapper.application; includeInIndex = 0; path = "Github software demo.app"; sourceTree = BUILT_PRODUCTS_DIR; };
		4CCA038A2993AB7700A2E490 /* Github_software_demoApp.swift */ = {isa = PBXFileReference; lastKnownFileType = sourcecode.swift; path = Github_software_demoApp.swift; sourceTree = "<group>"; };
		4CCA038C2993AB7700A2E490 /* ContentView.swift */ = {isa = PBXFileReference; lastKnownFileType = sourcecode.swift; path = ContentView.swift; sourceTree = "<group>"; };
		4CCA038E2993AB7900A2E490 /* Assets.xcassets */ = {isa = PBXFileReference; lastKnownFileType = folder.assetcatalog; path = Assets.xcassets; sourceTree = "<group>"; };
		4CCA03902993AB7900A2E490 /* Github_software_demo.entitlements */ = {isa = PBXFileReference; lastKnownFileType = text.plist.entitlements; path = Github_software_demo.entitlements; sourceTree = "<group>"; };
		4CCA03922993AB7900A2E490 /* Preview Assets.xcassets */ = {isa = PBXFileReference; lastKnownFileType = folder.assetcatalog; path = "Preview Assets.xcassets"; sourceTree = "<group>"; };
		4CCA03982993AB7900A2E490 /* Github software demoTests.xctest */ = {isa = PBXFileReference; explicitFileType = wrapper.cfbundle; includeInIndex = 0; path = "Github software demoTests.xctest"; sourceTree = BUILT_PRODUCTS_DIR; };
		4CCA039C2993AB7900A2E490 /* Github_software_demoTests.swift */ = {isa = PBXFileReference; lastKnownFileType = sourcecode.swift; path = Github_software_demoTests.swift; sourceTree = "<group>"; };
		4CCA03A22993AB7900A2E490 /* Github software demoUITests.xctest */ = {isa = PBXFileReference; explicitFileType = wrapper.cfbundle; includeInIndex = 0; path = "Github software demoUITests.xctest"; sourceTree = BUILT_PRODUCTS_DIR; };
		4CCA03A62993AB7900A2E490 /* Github_software_demoUITests.swift */ = {isa = PBXFileReference; lastKnownFileType = sourcecode.swift; path = Github_software_demoUITests.swift; sourceTree = "<group>"; };
		4CCA03A82993AB7900A2E490 /* Github_software_demoUITestsLaunchTests.swift */ = {isa = PBXFileReference; lastKnownFileType = sourcecode.swift; path = Github_software_demoUITestsLaunchTests.swift; sourceTree = "<group>"; };
/* End PBXFileReference section */

/* Begin PBXFrameworksBuildPhase section */
		4CCA03842993AB7700A2E490 /* Frameworks */ = {
			isa = PBXFrameworksBuildPhase;
			buildActionMask = 2147483647;
			files = (
			);
			runOnlyForDeploymentPostprocessing = 0;
		};
		4CCA03952993AB7900A2E490 /* Frameworks */ = {
			isa = PBXFrameworksBuildPhase;
			buildActionMask = 2147483647;
			files = (
			);
			runOnlyForDeploymentPostprocessing = 0;
		};
		4CCA039F2993AB7900A2E490 /* Frameworks */ = {
			isa = PBXFrameworksBuildPhase;
			buildActionMask = 2147483647;
			files = (
			);
			runOnlyForDeploymentPostprocessing = 0;
		};
/* End PBXFrameworksBuildPhase section */

/* Begin PBXGroup section */
		4CCA037E2993AB7700A2E490 = {
			isa = PBXGroup;
			children = (
				4CCA03892993AB7700A2E490 /* Github software demo */,
				4CCA039B2993AB7900A2E490 /* Github software demoTests */,
				4CCA03A52993AB7900A2E490 /* Github software demoUITests */,
				4CCA03882993AB7700A2E490 /* Products */,
			);
			sourceTree = "<group>";
		};
		4CCA03882993AB7700A2E490 /* Products */ = {
			isa = PBXGroup;
			children = (
				4CCA03872993AB7700A2E490 /* Github software demo.app */,
				4CCA03982993AB7900A2E490 /* Github software demoTests.xctest */,
				4CCA03A22993AB7900A2E490 /* Github software demoUITests.xctest */,
			);
			name = Products;
			sourceTree = "<group>";
		};
		4CCA03892993AB7700A2E490 /* Github software demo */ = {
			isa = PBXGroup;
			children = (
				4CCA038A2993AB7700A2E490 /* Github_software_demoApp.swift */,
				4CCA038C2993AB7700A2E490 /* ContentView.swift */,
				4CCA038E2993AB7900A2E490 /* Assets.xcassets */,
				4CCA03902993AB7900A2E490 /* Github_software_demo.entitlements */,
				4CCA03912993AB7900A2E490 /* Preview Content */,
			);
			path = "Github software demo";
			sourceTree = "<group>";
		};
		4CCA03912993AB7900A2E490 /* Preview Content */ = {
			isa = PBXGroup;
			children = (
				4CCA03922993AB7900A2E490 /* Preview Assets.xcassets */,
			);
			path = "Preview Content";
			sourceTree = "<group>";
		};
		4CCA039B2993AB7900A2E490 /* Github software demoTests */ = {
			isa = PBXGroup;
			children = (
				4CCA039C2993AB7900A2E490 /* Github_software_demoTests.swift */,
			);
			path = "Github software demoTests";
			sourceTree = "<group>";
		};
		4CCA03A52993AB7900A2E490 /* Github software demoUITests */ = {
			isa = PBXGroup;
			children = (
				4CCA03A62993AB7900A2E490 /* Github_software_demoUITests.swift */,
				4CCA03A82993AB7900A2E490 /* Github_software_demoUITestsLaunchTests.swift */,
			);
			path = "Github software demoUITests";
			sourceTree = "<group>";
		};
/* End PBXGroup section */

/* Begin PBXNativeTarget section */
		4CCA03862993AB7700A2E490 /* Github software demo */ = {
			isa = PBXNativeTarget;
			buildConfigurationList = 4CCA03AC2993AB7900A2E490 /* Build configuration list for PBXNativeTarget "Github software demo" */;
			buildPhases = (
				4CCA03832993AB7700A2E490 /* Sources */,
				4CCA03842993AB7700A2E490 /* Frameworks */,
				4CCA03852993AB7700A2E490 /* Resources */,
			);
			buildRules = (
			);
			dependencies = (
			);
			name = "Github software demo";
			productName = "Github software demo";
			productReference = 4CCA03872993AB7700A2E490 /* Github software demo.app */;
			productType = "com.apple.product-type.application";
		};
		4CCA03972993AB7900A2E490 /* Github software demoTests */ = {
			isa = PBXNativeTarget;
			buildConfigurationList = 4CCA03AF2993AB7900A2E490 /* Build configuration list for PBXNativeTarget "Github software demoTests" */;
			buildPhases = (
				4CCA03942993AB7900A2E490 /* Sources */,
				4CCA03952993AB7900A2E490 /* Frameworks */,
				4CCA03962993AB7900A2E490 /* Resources */,
			);
			buildRules = (
			);
			dependencies = (
				4CCA039A2993AB7900A2E490 /* PBXTargetDependency */,
			);
			name = "Github software demoTests";
			productName = "Github software demoTests";
			productReference = 4CCA03982993AB7900A2E490 /* Github software demoTests.xctest */;
			productType = "com.apple.product-type.bundle.unit-test";
		};
		4CCA03A12993AB7900A2E490 /* Github software demoUITests */ = {
			isa = PBXNativeTarget;
			buildConfigurationList = 4CCA03B22993AB7900A2E490 /* Build configuration list for PBXNativeTarget "Github software demoUITests" */;
			buildPhases = (
				4CCA039E2993AB7900A2E490 /* Sources */,
				4CCA039F2993AB7900A2E490 /* Frameworks */,
				4CCA03A02993AB7900A2E490 /* Resources */,
			);
			buildRules = (
			);
			dependencies = (
				4CCA03A42993AB7900A2E490 /* PBXTargetDependency */,
			);
			name = "Github software demoUITests";
			productName = "Github software demoUITests";
			productReference = 4CCA03A22993AB7900A2E490 /* Github software demoUITests.xctest */;
			productType = "com.apple.product-type.bundle.ui-testing";
		};
/* End PBXNativeTarget section */

/* Begin PBXProject section */
		4CCA037F2993AB7700A2E490 /* Project object */ = {
			isa = PBXProject;
			attributes = {
				BuildIndependentTargetsInParallel = 1;
				LastSwiftUpdateCheck = 1420;
				LastUpgradeCheck = 1420;
				TargetAttributes = {
					4CCA03862993AB7700A2E490 = {
						CreatedOnToolsVersion = 14.2;
					};
					4CCA03972993AB7900A2E490 = {
						CreatedOnToolsVersion = 14.2;
						TestTargetID = 4CCA03862993AB7700A2E490;
					};
					4CCA03A12993AB7900A2E490 = {
						CreatedOnToolsVersion = 14.2;
						TestTargetID = 4CCA03862993AB7700A2E490;
					};
				};
			};
			buildConfigurationList = 4CCA03822993AB7700A2E490 /* Build configuration list for PBXProject "Github software demo" */;
			compatibilityVersion = "Xcode 14.0";
			developmentRegion = en;
			hasScannedForEncodings = 0;
			knownRegions = (
				en,
				Base,
			);
			mainGroup = 4CCA037E2993AB7700A2E490;
			productRefGroup = 4CCA03882993AB7700A2E490 /* Products */;
			projectDirPath = "";
			projectRoot = "";
			targets = (
				4CCA03862993AB7700A2E490 /* Github software demo */,
				4CCA03972993AB7900A2E490 /* Github software demoTests */,
				4CCA03A12993AB7900A2E490 /* Github software demoUITests */,
			);
		};
/* End PBXProject section */

/* Begin PBXResourcesBuildPhase section */
		4CCA03852993AB7700A2E490 /* Resources */ = {
			isa = PBXResourcesBuildPhase;
			buildActionMask = 2147483647;
			files = (
				4CCA03932993AB7900A2E490 /* Preview Assets.xcassets in Resources */,
				4CCA038F2993AB7900A2E490 /* Assets.xcassets in Resources */,
			);
			runOnlyForDeploymentPostprocessing = 0;
		};
		4CCA03962993AB7900A2E490 /* Resources */ = {
			isa = PBXResourcesBuildPhase;
			buildActionMask = 2147483647;
			files = (
			);
			runOnlyForDeploymentPostprocessing = 0;
		};
		4CCA03A02993AB7900A2E490 /* Resources */ = {
			isa = PBXResourcesBuildPhase;
			buildActionMask = 2147483647;
			files = (
			);
			runOnlyForDeploymentPostprocessing = 0;
		};
/* End PBXResourcesBuildPhase section */

/* Begin PBXSourcesBuildPhase section */
		4CCA03832993AB7700A2E490 /* Sources */ = {
			isa = PBXSourcesBuildPhase;
			buildActionMask = 2147483647;
			files = (
				4CCA038D2993AB7700A2E490 /* ContentView.swift in Sources */,
				4CCA038B2993AB7700A2E490 /* Github_software_demoApp.swift in Sources */,
			);
			runOnlyForDeploymentPostprocessing = 0;
		};
		4CCA03942993AB7900A2E490 /* Sources */ = {
			isa = PBXSourcesBuildPhase;
			buildActionMask = 2147483647;
			files = (
				4CCA039D2993AB7900A2E490 /* Github_software_demoTests.swift in Sources */,
			);
			runOnlyForDeploymentPostprocessing = 0;
		};
		4CCA039E2993AB7900A2E490 /* Sources */ = {
			isa = PBXSourcesBuildPhase;
			buildActionMask = 2147483647;
			files = (
				4CCA03A72993AB7900A2E490 /* Github_software_demoUITests.swift in Sources */,
				4CCA03A92993AB7900A2E490 /* Github_software_demoUITestsLaunchTests.swift in Sources */,
			);
			runOnlyForDeploymentPostprocessing = 0;
		};
/* End PBXSourcesBuildPhase section */

/* Begin PBXTargetDependency section */
		4CCA039A2993AB7900A2E490 /* PBXTargetDependency */ = {
			isa = PBXTargetDependency;
			target = 4CCA03862993AB7700A2E490 /* Github software demo */;
			targetProxy = 4CCA03992993AB7900A2E490 /* PBXContainerItemProxy */;
		};
		4CCA03A42993AB7900A2E490 /* PBXTargetDependency */ = {
			isa = PBXTargetDependency;
			target = 4CCA03862993AB7700A2E490 /* Github software demo */;
			targetProxy = 4CCA03A32993AB7900A2E490 /* PBXContainerItemProxy */;
		};
/* End PBXTargetDependency section */

/* Begin XCBuildConfiguration section */
		4CCA03AA2993AB7900A2E490 /* Debug */ = {
			isa = XCBuildConfiguration;
			buildSettings = {
				ALWAYS_SEARCH_USER_PATHS = NO;
				CLANG_ANALYZER_NONNULL = YES;
				CLANG_ANALYZER_NUMBER_OBJECT_CONVERSION = YES_AGGRESSIVE;
				CLANG_CXX_LANGUAGE_STANDARD = "gnu++20";
				CLANG_ENABLE_MODULES = YES;
				CLANG_ENABLE_OBJC_ARC = YES;
				CLANG_ENABLE_OBJC_WEAK = YES;
				CLANG_WARN_BLOCK_CAPTURE_AUTORELEASING = YES;
				CLANG_WARN_BOOL_CONVERSION = YES;
				CLANG_WARN_COMMA = YES;
				CLANG_WARN_CONSTANT_CONVERSION = YES;
				CLANG_WARN_DEPRECATED_OBJC_IMPLEMENTATIONS = YES;
				CLANG_WARN_DIRECT_OBJC_ISA_USAGE = YES_ERROR;
				CLANG_WARN_DOCUMENTATION_COMMENTS = YES;
				CLANG_WARN_EMPTY_BODY = YES;
				CLANG_WARN_ENUM_CONVERSION = YES;
				CLANG_WARN_INFINITE_RECURSION = YES;
				CLANG_WARN_INT_CONVERSION = YES;
				CLANG_WARN_NON_LITERAL_NULL_CONVERSION = YES;
				CLANG_WARN_OBJC_IMPLICIT_RETAIN_SELF = YES;
				CLANG_WARN_OBJC_LITERAL_CONVERSION = YES;
				CLANG_WARN_OBJC_ROOT_CLASS = YES_ERROR;
				CLANG_WARN_QUOTED_INCLUDE_IN_FRAMEWORK_HEADER = YES;
				CLANG_WARN_RANGE_LOOP_ANALYSIS = YES;
				CLANG_WARN_STRICT_PROTOTYPES = YES;
				CLANG_WARN_SUSPICIOUS_MOVE = YES;
				CLANG_WARN_UNGUARDED_AVAILABILITY = YES_AGGRESSIVE;
				CLANG_WARN_UNREACHABLE_CODE = YES;
				CLANG_WARN__DUPLICATE_METHOD_MATCH = YES;
				COPY_PHASE_STRIP = NO;
				DEBUG_INFORMATION_FORMAT = dwarf;
				ENABLE_STRICT_OBJC_MSGSEND = YES;
				ENABLE_TESTABILITY = YES;
				GCC_C_LANGUAGE_STANDARD = gnu11;
				GCC_DYNAMIC_NO_PIC = NO;
				GCC_NO_COMMON_BLOCKS = YES;
				GCC_OPTIMIZATION_LEVEL = 0;
				GCC_PREPROCESSOR_DEFINITIONS = (
					"DEBUG=1",
					"$(inherited)",
				);
				GCC_WARN_64_TO_32_BIT_CONVERSION = YES;
				GCC_WARN_ABOUT_RETURN_TYPE = YES_ERROR;
				GCC_WARN_UNDECLARED_SELECTOR = YES;
				GCC_WARN_UNINITIALIZED_AUTOS = YES_AGGRESSIVE;
				GCC_WARN_UNUSED_FUNCTION = YES;
				GCC_WARN_UNUSED_VARIABLE = YES;
				MTL_ENABLE_DEBUG_INFO = INCLUDE_SOURCE;
				MTL_FAST_MATH = YES;
				ONLY_ACTIVE_ARCH = YES;
				SWIFT_ACTIVE_COMPILATION_CONDITIONS = DEBUG;
				SWIFT_OPTIMIZATION_LEVEL = "-Onone";
			};
			name = Debug;
		};
		4CCA03AB2993AB7900A2E490 /* Release */ = {
			isa = XCBuildConfiguration;
			buildSettings = {
				ALWAYS_SEARCH_USER_PATHS = NO;
				CLANG_ANALYZER_NONNULL = YES;
				CLANG_ANALYZER_NUMBER_OBJECT_CONVERSION = YES_AGGRESSIVE;
				CLANG_CXX_LANGUAGE_STANDARD = "gnu++20";
				CLANG_ENABLE_MODULES = YES;
				CLANG_ENABLE_OBJC_ARC = YES;
				CLANG_ENABLE_OBJC_WEAK = YES;
				CLANG_WARN_BLOCK_CAPTURE_AUTORELEASING = YES;
				CLANG_WARN_BOOL_CONVERSION = YES;
				CLANG_WARN_COMMA = YES;
				CLANG_WARN_CONSTANT_CONVERSION = YES;
				CLANG_WARN_DEPRECATED_OBJC_IMPLEMENTATIONS = YES;
				CLANG_WARN_DIRECT_OBJC_ISA_USAGE = YES_ERROR;
				CLANG_WARN_DOCUMENTATION_COMMENTS = YES;
				CLANG_WARN_EMPTY_BODY = YES;
				CLANG_WARN_ENUM_CONVERSION = YES;
				CLANG_WARN_INFINITE_RECURSION = YES;
				CLANG_WARN_INT_CONVERSION = YES;
				CLANG_WARN_NON_LITERAL_NULL_CONVERSION = YES;
				CLANG_WARN_OBJC_IMPLICIT_RETAIN_SELF = YES;
				CLANG_WARN_OBJC_LITERAL_CONVERSION = YES;
				CLANG_WARN_OBJC_ROOT_CLASS = YES_ERROR;
				CLANG_WARN_QUOTED_INCLUDE_IN_FRAMEWORK_HEADER = YES;
				CLANG_WARN_RANGE_LOOP_ANALYSIS = YES;
				CLANG_WARN_STRICT_PROTOTYPES = YES;
				CLANG_WARN_SUSPICIOUS_MOVE = YES;
				CLANG_WARN_UNGUARDED_AVAILABILITY = YES_AGGRESSIVE;
				CLANG_WARN_UNREACHABLE_CODE = YES;
				CLANG_WARN__DUPLICATE_METHOD_MATCH = YES;
				COPY_PHASE_STRIP = NO;
				DEBUG_INFORMATION_FORMAT = "dwarf-with-dsym";
				ENABLE_NS_ASSERTIONS = NO;
				ENABLE_STRICT_OBJC_MSGSEND = YES;
				GCC_C_LANGUAGE_STANDARD = gnu11;
				GCC_NO_COMMON_BLOCKS = YES;
				GCC_WARN_64_TO_32_BIT_CONVERSION = YES;
				GCC_WARN_ABOUT_RETURN_TYPE = YES_ERROR;
				GCC_WARN_UNDECLARED_SELECTOR = YES;
				GCC_WARN_UNINITIALIZED_AUTOS = YES_AGGRESSIVE;
				GCC_WARN_UNUSED_FUNCTION = YES;
				GCC_WARN_UNUSED_VARIABLE = YES;
				MTL_ENABLE_DEBUG_INFO = NO;
				MTL_FAST_MATH = YES;
				SWIFT_COMPILATION_MODE = wholemodule;
				SWIFT_OPTIMIZATION_LEVEL = "-O";
			};
			name = Release;
		};
		4CCA03AD2993AB7900A2E490 /* Debug */ = {
			isa = XCBuildConfiguration;
			buildSettings = {
				ASSETCATALOG_COMPILER_APPICON_NAME = AppIcon;
				ASSETCATALOG_COMPILER_GLOBAL_ACCENT_COLOR_NAME = AccentColor;
				CODE_SIGN_ENTITLEMENTS = "Github software demo/Github_software_demo.entitlements";
				CODE_SIGN_STYLE = Automatic;
				CURRENT_PROJECT_VERSION = 1;
				DEVELOPMENT_ASSET_PATHS = "\"Github software demo/Preview Content\"";
				ENABLE_PREVIEWS = YES;
				GENERATE_INFOPLIST_FILE = YES;
				"INFOPLIST_KEY_UIApplicationSceneManifest_Generation[sdk=iphoneos*]" = YES;
				"INFOPLIST_KEY_UIApplicationSceneManifest_Generation[sdk=iphonesimulator*]" = YES;
				"INFOPLIST_KEY_UIApplicationSupportsIndirectInputEvents[sdk=iphoneos*]" = YES;
				"INFOPLIST_KEY_UIApplicationSupportsIndirectInputEvents[sdk=iphonesimulator*]" = YES;
				"INFOPLIST_KEY_UILaunchScreen_Generation[sdk=iphoneos*]" = YES;
				"INFOPLIST_KEY_UILaunchScreen_Generation[sdk=iphonesimulator*]" = YES;
				"INFOPLIST_KEY_UIStatusBarStyle[sdk=iphoneos*]" = UIStatusBarStyleDefault;
				"INFOPLIST_KEY_UIStatusBarStyle[sdk=iphonesimulator*]" = UIStatusBarStyleDefault;
				INFOPLIST_KEY_UISupportedInterfaceOrientations_iPad = "UIInterfaceOrientationPortrait UIInterfaceOrientationPortraitUpsideDown UIInterfaceOrientationLandscapeLeft UIInterfaceOrientationLandscapeRight";
				INFOPLIST_KEY_UISupportedInterfaceOrientations_iPhone = "UIInterfaceOrientationPortrait UIInterfaceOrientationLandscapeLeft UIInterfaceOrientationLandscapeRight";
				IPHONEOS_DEPLOYMENT_TARGET = 16.2;
				LD_RUNPATH_SEARCH_PATHS = "@executable_path/Frameworks";
				"LD_RUNPATH_SEARCH_PATHS[sdk=macosx*]" = "@executable_path/../Frameworks";
				MACOSX_DEPLOYMENT_TARGET = 13.1;
				MARKETING_VERSION = 1.0;
				PRODUCT_BUNDLE_IDENTIFIER = "alx.Github-software-demo";
				PRODUCT_NAME = "$(TARGET_NAME)";
				SDKROOT = auto;
				SUPPORTED_PLATFORMS = "iphoneos iphonesimulator macosx";
				SWIFT_EMIT_LOC_STRINGS = YES;
				SWIFT_VERSION = 5.0;
				TARGETED_DEVICE_FAMILY = "1,2";
			};
			name = Debug;
		};
		4CCA03AE2993AB7900A2E490 /* Release */ = {
			isa = XCBuildConfiguration;
			buildSettings = {
				ASSETCATALOG_COMPILER_APPICON_NAME = AppIcon;
				ASSETCATALOG_COMPILER_GLOBAL_ACCENT_COLOR_NAME = AccentColor;
				CODE_SIGN_ENTITLEMENTS = "Github software demo/Github_software_demo.entitlements";
				CODE_SIGN_STYLE = Automatic;
				CURRENT_PROJECT_VERSION = 1;
				DEVELOPMENT_ASSET_PATHS = "\"Github software demo/Preview Content\"";
				ENABLE_PREVIEWS = YES;
				GENERATE_INFOPLIST_FILE = YES;
				"INFOPLIST_KEY_UIApplicationSceneManifest_Generation[sdk=iphoneos*]" = YES;
				"INFOPLIST_KEY_UIApplicationSceneManifest_Generation[sdk=iphonesimulator*]" = YES;
				"INFOPLIST_KEY_UIApplicationSupportsIndirectInputEvents[sdk=iphoneos*]" = YES;
				"INFOPLIST_KEY_UIApplicationSupportsIndirectInputEvents[sdk=iphonesimulator*]" = YES;
				"INFOPLIST_KEY_UILaunchScreen_Generation[sdk=iphoneos*]" = YES;
				"INFOPLIST_KEY_UILaunchScreen_Generation[sdk=iphonesimulator*]" = YES;
				"INFOPLIST_KEY_UIStatusBarStyle[sdk=iphoneos*]" = UIStatusBarStyleDefault;
				"INFOPLIST_KEY_UIStatusBarStyle[sdk=iphonesimulator*]" = UIStatusBarStyleDefault;
				INFOPLIST_KEY_UISupportedInterfaceOrientations_iPad = "UIInterfaceOrientationPortrait UIInterfaceOrientationPortraitUpsideDown UIInterfaceOrientationLandscapeLeft UIInterfaceOrientationLandscapeRight";
				INFOPLIST_KEY_UISupportedInterfaceOrientations_iPhone = "UIInterfaceOrientationPortrait UIInterfaceOrientationLandscapeLeft UIInterfaceOrientationLandscapeRight";
				IPHONEOS_DEPLOYMENT_TARGET = 16.2;
				LD_RUNPATH_SEARCH_PATHS = "@executable_path/Frameworks";
				"LD_RUNPATH_SEARCH_PATHS[sdk=macosx*]" = "@executable_path/../Frameworks";
				MACOSX_DEPLOYMENT_TARGET = 13.1;
				MARKETING_VERSION = 1.0;
				PRODUCT_BUNDLE_IDENTIFIER = "alx.Github-software-demo";
				PRODUCT_NAME = "$(TARGET_NAME)";
				SDKROOT = auto;
				SUPPORTED_PLATFORMS = "iphoneos iphonesimulator macosx";
				SWIFT_EMIT_LOC_STRINGS = YES;
				SWIFT_VERSION = 5.0;
				TARGETED_DEVICE_FAMILY = "1,2";
			};
			name = Release;
		};
		4CCA03B02993AB7900A2E490 /* Debug */ = {
			isa = XCBuildConfiguration;
			buildSettings = {
				ALWAYS_EMBED_SWIFT_STANDARD_LIBRARIES = YES;
				BUNDLE_LOADER = "$(TEST_HOST)";
				CODE_SIGN_STYLE = Automatic;
				CURRENT_PROJECT_VERSION = 1;
				GENERATE_INFOPLIST_FILE = YES;
				IPHONEOS_DEPLOYMENT_TARGET = 16.2;
				MACOSX_DEPLOYMENT_TARGET = 13.1;
				MARKETING_VERSION = 1.0;
				PRODUCT_BUNDLE_IDENTIFIER = "alx.Github-software-demoTests";
				PRODUCT_NAME = "$(TARGET_NAME)";
				SDKROOT = auto;
				SUPPORTED_PLATFORMS = "iphoneos iphonesimulator macosx";
				SWIFT_EMIT_LOC_STRINGS = NO;
				SWIFT_VERSION = 5.0;
				TARGETED_DEVICE_FAMILY = "1,2";
				TEST_HOST = "$(BUILT_PRODUCTS_DIR)/Github software demo.app/$(BUNDLE_EXECUTABLE_FOLDER_PATH)/Github software demo";
			};
			name = Debug;
		};
		4CCA03B12993AB7900A2E490 /* Release */ = {
			isa = XCBuildConfiguration;
			buildSettings = {
				ALWAYS_EMBED_SWIFT_STANDARD_LIBRARIES = YES;
				BUNDLE_LOADER = "$(TEST_HOST)";
				CODE_SIGN_STYLE = Automatic;
				CURRENT_PROJECT_VERSION = 1;
				GENERATE_INFOPLIST_FILE = YES;
				IPHONEOS_DEPLOYMENT_TARGET = 16.2;
				MACOSX_DEPLOYMENT_TARGET = 13.1;
				MARKETING_VERSION = 1.0;
				PRODUCT_BUNDLE_IDENTIFIER = "alx.Github-software-demoTests";
				PRODUCT_NAME = "$(TARGET_NAME)";
				SDKROOT = auto;
				SUPPORTED_PLATFORMS = "iphoneos iphonesimulator macosx";
				SWIFT_EMIT_LOC_STRINGS = NO;
				SWIFT_VERSION = 5.0;
				TARGETED_DEVICE_FAMILY = "1,2";
				TEST_HOST = "$(BUILT_PRODUCTS_DIR)/Github software demo.app/$(BUNDLE_EXECUTABLE_FOLDER_PATH)/Github software demo";
			};
			name = Release;
		};
		4CCA03B32993AB7900A2E490 /* Debug */ = {
			isa = XCBuildConfiguration;
			buildSettings = {
				ALWAYS_EMBED_SWIFT_STANDARD_LIBRARIES = YES;
				CODE_SIGN_STYLE = Automatic;
				CURRENT_PROJECT_VERSION = 1;
				GENERATE_INFOPLIST_FILE = YES;
				IPHONEOS_DEPLOYMENT_TARGET = 16.2;
				MACOSX_DEPLOYMENT_TARGET = 13.1;
				MARKETING_VERSION = 1.0;
				PRODUCT_BUNDLE_IDENTIFIER = "alx.Github-software-demoUITests";
				PRODUCT_NAME = "$(TARGET_NAME)";
				SDKROOT = auto;
				SUPPORTED_PLATFORMS = "iphoneos iphonesimulator macosx";
				SWIFT_EMIT_LOC_STRINGS = NO;
				SWIFT_VERSION = 5.0;
				TARGETED_DEVICE_FAMILY = "1,2";
				TEST_TARGET_NAME = "Github software demo";
			};
			name = Debug;
		};
		4CCA03B42993AB7900A2E490 /* Release */ = {
			isa = XCBuildConfiguration;
			buildSettings = {
				ALWAYS_EMBED_SWIFT_STANDARD_LIBRARIES = YES;
				CODE_SIGN_STYLE = Automatic;
				CURRENT_PROJECT_VERSION = 1;
				GENERATE_INFOPLIST_FILE = YES;
				IPHONEOS_DEPLOYMENT_TARGET = 16.2;
				MACOSX_DEPLOYMENT_TARGET = 13.1;
				MARKETING_VERSION = 1.0;
				PRODUCT_BUNDLE_IDENTIFIER = "alx.Github-software-demoUITests";
				PRODUCT_NAME = "$(TARGET_NAME)";
				SDKROOT = auto;
				SUPPORTED_PLATFORMS = "iphoneos iphonesimulator macosx";
				SWIFT_EMIT_LOC_STRINGS = NO;
				SWIFT_VERSION = 5.0;
				TARGETED_DEVICE_FAMILY = "1,2";
				TEST_TARGET_NAME = "Github software demo";
			};
			name = Release;
		};
/* End XCBuildConfiguration section */

/* Begin XCConfigurationList section */
		4CCA03822993AB7700A2E490 /* Build configuration list for PBXProject "Github software demo" */ = {
			isa = XCConfigurationList;
			buildConfigurations = (
				4CCA03AA2993AB7900A2E490 /* Debug */,
				4CCA03AB2993AB7900A2E490 /* Release */,
			);
			defaultConfigurationIsVisible = 0;
			defaultConfigurationName = Release;
		};
		4CCA03AC2993AB7900A2E490 /* Build configuration list for PBXNativeTarget "Github software demo" */ = {
			isa = XCConfigurationList;
			buildConfigurations = (
				4CCA03AD2993AB7900A2E490 /* Debug */,
				4CCA03AE2993AB7900A2E490 /* Release */,
			);
			defaultConfigurationIsVisible = 0;
			defaultConfigurationName = Release;
		};
		4CCA03AF2993AB7900A2E490 /* Build configuration list for PBXNativeTarget "Github software demoTests" */ = {
			isa = XCConfigurationList;
			buildConfigurations = (
				4CCA03B02993AB7900A2E490 /* Debug */,
				4CCA03B12993AB7900A2E490 /* Release */,
			);
			defaultConfigurationIsVisible = 0;
			defaultConfigurationName = Release;
		};
		4CCA03B22993AB7900A2E490 /* Build configuration list for PBXNativeTarget "Github software demoUITests" */ = {
			isa = XCConfigurationList;
			buildConfigurations = (
				4CCA03B32993AB7900A2E490 /* Debug */,
				4CCA03B42993AB7900A2E490 /* Release */,
			);
			defaultConfigurationIsVisible = 0;
			defaultConfigurationName = Release;
		};
/* End XCConfigurationList section */
	};
	rootObject = 4CCA037F2993AB7700A2E490 /* Project object */;
}
